
Microsoft Visual Studio Solution File, Format Version 12.00
# Visual Studio Version 16
VisualStudioVersion = 16.0.29924.181
MinimumVisualStudioVersion = 10.0.40219.1
Project("{FAE04EC0-301F-11D3-BF4B-00C04F79EFBC}") = "μp101", "μp101\μp101.csproj", "{644AD336-EC6E-4C9E-8E11-4C439E605F69}"
EndProject
Global
	GlobalSection(SolutionConfigurationPlatforms) = preSolution
		Debug|Any CPU = Debug|Any CPU
		Release|Any CPU = Release|Any CPU
	EndGlobalSection
	GlobalSection(ProjectConfigurationPlatforms) = postSolution
		{644AD336-EC6E-4C9E-8E11-4C439E605F69}.Debug|Any CPU.ActiveCfg = Debug|Any CPU
		{644AD336-EC6E-4C9E-8E11-4C439E605F69}.Debug|Any CPU.Build.0 = Debug|Any CPU
		{644AD336-EC6E-4C9E-8E11-4C439E605F69}.Release|Any CPU.ActiveCfg = Release|Any CPU
		{644AD336-EC6E-4C9E-8E11-4C439E605F69}.Release|Any CPU.Build.0 = Release|Any CPU
	EndGlobalSection
	GlobalSection(SolutionProperties) = preSolution
		HideSolutionNode = FALSE
	EndGlobalSection
	GlobalSection(ExtensibilityGlobals) = postSolution
		SolutionGuid = {97C6586C-CA44-41ED-A4D3-833BFF2BF8DD}
	EndGlobalSection
EndGlobal
